
Microsoft Visual Studio Solution File, Format Version 12.00
# Visual Studio Version 17
VisualStudioVersion = 17.9.34723.18
MinimumVisualStudioVersion = 10.0.40219.1
Project("{FAE04EC0-301F-11D3-BF4B-00C04F79EFBC}") = "BeynimiYandiranApp", "BeynimiYandiranApp\BeynimiYandiranApp.csproj", "{93022C5A-5F10-4BB2-9AC0-B0BCFC5AD0C1}"
EndProject
Project("{FAE04EC0-301F-11D3-BF4B-00C04F79EFBC}") = "Core", "Core\Core.csproj", "{F7057955-D025-4583-81E4-26D6F3963434}"
EndProject
Global
	GlobalSection(SolutionConfigurationPlatforms) = preSolution
		Debug|Any CPU = Debug|Any CPU
		Release|Any CPU = Release|Any CPU
	EndGlobalSection
	GlobalSection(ProjectConfigurationPlatforms) = postSolution
		{93022C5A-5F10-4BB2-9AC0-B0BCFC5AD0C1}.Debug|Any CPU.ActiveCfg = Debug|Any CPU
		{93022C5A-5F10-4BB2-9AC0-B0BCFC5AD0C1}.Debug|Any CPU.Build.0 = Debug|Any CPU
		{93022C5A-5F10-4BB2-9AC0-B0BCFC5AD0C1}.Release|Any CPU.ActiveCfg = Release|Any CPU
		{93022C5A-5F10-4BB2-9AC0-B0BCFC5AD0C1}.Release|Any CPU.Build.0 = Release|Any CPU
		{F7057955-D025-4583-81E4-26D6F3963434}.Debug|Any CPU.ActiveCfg = Debug|Any CPU
		{F7057955-D025-4583-81E4-26D6F3963434}.Debug|Any CPU.Build.0 = Debug|Any CPU
		{F7057955-D025-4583-81E4-26D6F3963434}.Release|Any CPU.ActiveCfg = Release|Any CPU
		{F7057955-D025-4583-81E4-26D6F3963434}.Release|Any CPU.Build.0 = Release|Any CPU
	EndGlobalSection
	GlobalSection(SolutionProperties) = preSolution
		HideSolutionNode = FALSE
	EndGlobalSection
	GlobalSection(ExtensibilityGlobals) = postSolution
		SolutionGuid = {84C464C7-D927-4734-89B4-F26DB4264C5E}
	EndGlobalSection
EndGlobal
